
Microsoft Visual Studio Solution File, Format Version 12.00
# Visual Studio 15
VisualStudioVersion = 15.0.26430.15
MinimumVisualStudioVersion = 10.0.40219.1
Project("{FAE04EC0-301F-11D3-BF4B-00C04F79EFBC}") = "ShortestPath", "ShortestPath\ShortestPath.csproj", "{D9AD23AB-6295-4141-B221-8FA47DCE3FBC}"
EndProject
Global
	GlobalSection(SolutionConfigurationPlatforms) = preSolution
		Debug|Any CPU = Debug|Any CPU
		Release|Any CPU = Release|Any CPU
	EndGlobalSection
	GlobalSection(ProjectConfigurationPlatforms) = postSolution
		{D9AD23AB-6295-4141-B221-8FA47DCE3FBC}.Debug|Any CPU.ActiveCfg = Debug|Any CPU
		{D9AD23AB-6295-4141-B221-8FA47DCE3FBC}.Debug|Any CPU.Build.0 = Debug|Any CPU
		{D9AD23AB-6295-4141-B221-8FA47DCE3FBC}.Release|Any CPU.ActiveCfg = Release|Any CPU
		{D9AD23AB-6295-4141-B221-8FA47DCE3FBC}.Release|Any CPU.Build.0 = Release|Any CPU
	EndGlobalSection
	GlobalSection(SolutionProperties) = preSolution
		HideSolutionNode = FALSE
	EndGlobalSection
EndGlobal
